
Microsoft Visual Studio Solution File, Format Version 12.00
# Visual Studio Version 17
VisualStudioVersion = 17.11.35222.181
MinimumVisualStudioVersion = 10.0.40219.1
Project("{8BC9CEB8-8B4A-11D0-8D11-00A0C91BC942}") = "zeroCounter", "zeroCounter.vcxproj", "{838B9E7D-A585-45D1-8F17-A02A8C46879E}"
EndProject
Global
	GlobalSection(SolutionConfigurationPlatforms) = preSolution
		Debug|x64 = Debug|x64
		Debug|x86 = Debug|x86
		Release|x64 = Release|x64
		Release|x86 = Release|x86
	EndGlobalSection
	GlobalSection(ProjectConfigurationPlatforms) = postSolution
		{838B9E7D-A585-45D1-8F17-A02A8C46879E}.Debug|x64.ActiveCfg = Debug|x64
		{838B9E7D-A585-45D1-8F17-A02A8C46879E}.Debug|x64.Build.0 = Debug|x64
		{838B9E7D-A585-45D1-8F17-A02A8C46879E}.Debug|x86.ActiveCfg = Debug|Win32
		{838B9E7D-A585-45D1-8F17-A02A8C46879E}.Debug|x86.Build.0 = Debug|Win32
		{838B9E7D-A585-45D1-8F17-A02A8C46879E}.Release|x64.ActiveCfg = Release|x64
		{838B9E7D-A585-45D1-8F17-A02A8C46879E}.Release|x64.Build.0 = Release|x64
		{838B9E7D-A585-45D1-8F17-A02A8C46879E}.Release|x86.ActiveCfg = Release|Win32
		{838B9E7D-A585-45D1-8F17-A02A8C46879E}.Release|x86.Build.0 = Release|Win32
	EndGlobalSection
	GlobalSection(SolutionProperties) = preSolution
		HideSolutionNode = FALSE
	EndGlobalSection
	GlobalSection(ExtensibilityGlobals) = postSolution
		SolutionGuid = {BBD4F8BB-E39C-499D-B863-9E1EEDA85817}
	EndGlobalSection
EndGlobal
